
Microsoft Visual Studio Solution File, Format Version 12.00
# Visual Studio Version 16
VisualStudioVersion = 16.0.31321.278
MinimumVisualStudioVersion = 10.0.40219.1
Project("{FAE04EC0-301F-11D3-BF4B-00C04F79EFBC}") = "TaxPayer", "TaxPayer\TaxPayer.csproj", "{81AF3CCF-C4A5-4BF3-BA69-9F156150C140}"
EndProject
Global
	GlobalSection(SolutionConfigurationPlatforms) = preSolution
		Debug|Any CPU = Debug|Any CPU
		Release|Any CPU = Release|Any CPU
	EndGlobalSection
	GlobalSection(ProjectConfigurationPlatforms) = postSolution
		{81AF3CCF-C4A5-4BF3-BA69-9F156150C140}.Debug|Any CPU.ActiveCfg = Debug|Any CPU
		{81AF3CCF-C4A5-4BF3-BA69-9F156150C140}.Debug|Any CPU.Build.0 = Debug|Any CPU
		{81AF3CCF-C4A5-4BF3-BA69-9F156150C140}.Release|Any CPU.ActiveCfg = Release|Any CPU
		{81AF3CCF-C4A5-4BF3-BA69-9F156150C140}.Release|Any CPU.Build.0 = Release|Any CPU
	EndGlobalSection
	GlobalSection(SolutionProperties) = preSolution
		HideSolutionNode = FALSE
	EndGlobalSection
	GlobalSection(ExtensibilityGlobals) = postSolution
		SolutionGuid = {B7B6A099-2AEB-43AC-ADA4-30A2F3AE4E7B}
	EndGlobalSection
EndGlobal
